
Microsoft Visual Studio Solution File, Format Version 12.00
# Visual Studio Version 17
VisualStudioVersion = 17.1.32328.378
MinimumVisualStudioVersion = 10.0.40219.1
Project("{FAE04EC0-301F-11D3-BF4B-00C04F79EFBC}") = "task 4", "task 4\task 4.csproj", "{15E2A4DD-6226-4762-B065-692D08E638B3}"
EndProject
Global
	GlobalSection(SolutionConfigurationPlatforms) = preSolution
		Debug|Any CPU = Debug|Any CPU
		Release|Any CPU = Release|Any CPU
	EndGlobalSection
	GlobalSection(ProjectConfigurationPlatforms) = postSolution
		{15E2A4DD-6226-4762-B065-692D08E638B3}.Debug|Any CPU.ActiveCfg = Debug|Any CPU
		{15E2A4DD-6226-4762-B065-692D08E638B3}.Debug|Any CPU.Build.0 = Debug|Any CPU
		{15E2A4DD-6226-4762-B065-692D08E638B3}.Release|Any CPU.ActiveCfg = Release|Any CPU
		{15E2A4DD-6226-4762-B065-692D08E638B3}.Release|Any CPU.Build.0 = Release|Any CPU
	EndGlobalSection
	GlobalSection(SolutionProperties) = preSolution
		HideSolutionNode = FALSE
	EndGlobalSection
	GlobalSection(ExtensibilityGlobals) = postSolution
		SolutionGuid = {1F23F951-0A3D-41B4-8369-350C8DC7CB11}
	EndGlobalSection
EndGlobal
